
Microsoft Visual Studio Solution File, Format Version 12.00
# Visual Studio Version 17
VisualStudioVersion = 17.5.33502.453
MinimumVisualStudioVersion = 10.0.40219.1
Project("{9A19103F-16F7-4668-BE54-9A1E7A4F7556}") = "Chat.WebApi", "Chat.WebApi\Chat.WebApi.csproj", "{4B601C0F-E996-418F-8CA9-8F49B6B75796}"
EndProject
Project("{9A19103F-16F7-4668-BE54-9A1E7A4F7556}") = "Chat.Domain", "Chat.Domain\Chat.Domain.csproj", "{27864C14-7BE9-43E5-8B20-3A3125922BBE}"
EndProject
Project("{9A19103F-16F7-4668-BE54-9A1E7A4F7556}") = "Chat.Application", "Chat.Application\Chat.Application.csproj", "{F87B2E0A-FA17-4875-89DA-2AC0CBFF1CBF}"
EndProject
Project("{9A19103F-16F7-4668-BE54-9A1E7A4F7556}") = "Chat.Infrastructure", "Chat.Infrastructure\Chat.Infrastructure.csproj", "{9D3D7C6F-1676-41CC-87C3-AB0D14875DE3}"
EndProject
Project("{2150E333-8FDC-42A3-9474-1A3956D46DE8}") = "Solution Items", "Solution Items", "{9A4A9711-C490-4DDD-BCDE-F4FF152012E0}"
	ProjectSection(SolutionItems) = preProject
		TestEntity.txt = TestEntity.txt
	EndProjectSection
EndProject
Global
	GlobalSection(SolutionConfigurationPlatforms) = preSolution
		Debug|Any CPU = Debug|Any CPU
		Release|Any CPU = Release|Any CPU
	EndGlobalSection
	GlobalSection(ProjectConfigurationPlatforms) = postSolution
		{4B601C0F-E996-418F-8CA9-8F49B6B75796}.Debug|Any CPU.ActiveCfg = Debug|Any CPU
		{4B601C0F-E996-418F-8CA9-8F49B6B75796}.Debug|Any CPU.Build.0 = Debug|Any CPU
		{4B601C0F-E996-418F-8CA9-8F49B6B75796}.Release|Any CPU.ActiveCfg = Release|Any CPU
		{4B601C0F-E996-418F-8CA9-8F49B6B75796}.Release|Any CPU.Build.0 = Release|Any CPU
		{27864C14-7BE9-43E5-8B20-3A3125922BBE}.Debug|Any CPU.ActiveCfg = Debug|Any CPU
		{27864C14-7BE9-43E5-8B20-3A3125922BBE}.Debug|Any CPU.Build.0 = Debug|Any CPU
		{27864C14-7BE9-43E5-8B20-3A3125922BBE}.Release|Any CPU.ActiveCfg = Release|Any CPU
		{27864C14-7BE9-43E5-8B20-3A3125922BBE}.Release|Any CPU.Build.0 = Release|Any CPU
		{F87B2E0A-FA17-4875-89DA-2AC0CBFF1CBF}.Debug|Any CPU.ActiveCfg = Debug|Any CPU
		{F87B2E0A-FA17-4875-89DA-2AC0CBFF1CBF}.Debug|Any CPU.Build.0 = Debug|Any CPU
		{F87B2E0A-FA17-4875-89DA-2AC0CBFF1CBF}.Release|Any CPU.ActiveCfg = Release|Any CPU
		{F87B2E0A-FA17-4875-89DA-2AC0CBFF1CBF}.Release|Any CPU.Build.0 = Release|Any CPU
		{9D3D7C6F-1676-41CC-87C3-AB0D14875DE3}.Debug|Any CPU.ActiveCfg = Debug|Any CPU
		{9D3D7C6F-1676-41CC-87C3-AB0D14875DE3}.Debug|Any CPU.Build.0 = Debug|Any CPU
		{9D3D7C6F-1676-41CC-87C3-AB0D14875DE3}.Release|Any CPU.ActiveCfg = Release|Any CPU
		{9D3D7C6F-1676-41CC-87C3-AB0D14875DE3}.Release|Any CPU.Build.0 = Release|Any CPU
	EndGlobalSection
	GlobalSection(SolutionProperties) = preSolution
		HideSolutionNode = FALSE
	EndGlobalSection
	GlobalSection(ExtensibilityGlobals) = postSolution
		SolutionGuid = {6774BAAC-27E5-4F9E-B295-E53128C3B4EA}
	EndGlobalSection
EndGlobal
